{
	"name": "@freshbooks/api",
	"version": "4.1.0",
	"lockfileVersion": 1,
	"requires": true,
	"dependencies": {
		"@colors/colors": {
			"version": "1.6.0",
			"resolved": "https://registry.npmjs.org/@colors/colors/-/colors-1.6.0.tgz",
			"integrity": "sha512-Ir+AOibqzrIsL6ajt3Rz3LskB7OiMVHqltZmspbW/TJuTVuyOMirVqAkjfY6JISiLHgyNqicAC8AyHHGzNd/dA=="
		},
		"@dabh/diagnostics": {
			"version": "2.0.3",
			"resolved": "https://registry.npmjs.org/@dabh/diagnostics/-/diagnostics-2.0.3.tgz",
			"integrity": "sha512-hrlQOIi7hAfzsMqlGSFyVucrx38O+j6wiGOf//H2ecvIEqYN4ADBSS2iLMh5UFyDunCNniUIPk/q3riFv45xRA==",
			"requires": {
				"colorspace": "1.1.x",
				"enabled": "2.0.x",
				"kuler": "^2.0.0"
			}
		},
		"@knodes/typedoc-plugin-pages": {
			"version": "0.23.4",
			"resolved": "https://registry.npmjs.org/@knodes/typedoc-plugin-pages/-/typedoc-plugin-pages-0.23.4.tgz",
			"integrity": "sha512-3LMS2TDV/lH/BKfxNEjCEhAwSCxOuQRF742EoYoP63/AQmIM/EZKDwShn1AYu4CtVAHvJpixuKF0VeFDLjgrbQ==",
			"dev": true,
			"requires": {
				"@knodes/typedoc-pluginutils": "~0.23.4",
				"lodash": "^4.17.21"
			}
		},
		"@knodes/typedoc-pluginutils": {
			"version": "0.23.4",
			"resolved": "https://registry.npmjs.org/@knodes/typedoc-pluginutils/-/typedoc-pluginutils-0.23.4.tgz",
			"integrity": "sha512-uO7t9XxYW1DMjVFTgmRs2p431+AsmvnX4CrrB/zkauo8mZSLS3CppMKHBVE/Lk1cFO73vgfyJReRK98X/8BzUA==",
			"dev": true,
			"requires": {
				"fastest-levenshtein": "^1.0.16",
				"lodash": "^4.17.21",
				"pkg-up": "^3.1.0",
				"semver": "^7.3.5"
			}
		},
		"@shikijs/core": {
			"version": "1.22.2",
			"resolved": "https://registry.npmjs.org/@shikijs/core/-/core-1.22.2.tgz",
			"integrity": "sha512-bvIQcd8BEeR1yFvOYv6HDiyta2FFVePbzeowf5pPS1avczrPK+cjmaxxh0nx5QzbON7+Sv0sQfQVciO7bN72sg==",
			"dev": true,
			"requires": {
				"@shikijs/engine-javascript": "1.22.2",
				"@shikijs/engine-oniguruma": "1.22.2",
				"@shikijs/types": "1.22.2",
				"@shikijs/vscode-textmate": "^9.3.0",
				"@types/hast": "^3.0.4",
				"hast-util-to-html": "^9.0.3"
			}
		},
		"@shikijs/engine-javascript": {
			"version": "1.22.2",
			"resolved": "https://registry.npmjs.org/@shikijs/engine-javascript/-/engine-javascript-1.22.2.tgz",
			"integrity": "sha512-iOvql09ql6m+3d1vtvP8fLCVCK7BQD1pJFmHIECsujB0V32BJ0Ab6hxk1ewVSMFA58FI0pR2Had9BKZdyQrxTw==",
			"dev": true,
			"requires": {
				"@shikijs/types": "1.22.2",
				"@shikijs/vscode-textmate": "^9.3.0",
				"oniguruma-to-js": "0.4.3"
			}
		},
		"@shikijs/engine-oniguruma": {
			"version": "1.22.2",
			"resolved": "https://registry.npmjs.org/@shikijs/engine-oniguruma/-/engine-oniguruma-1.22.2.tgz",
			"integrity": "sha512-GIZPAGzQOy56mGvWMoZRPggn0dTlBf1gutV5TdceLCZlFNqWmuc7u+CzD0Gd9vQUTgLbrt0KLzz6FNprqYAxlA==",
			"dev": true,
			"requires": {
				"@shikijs/types": "1.22.2",
				"@shikijs/vscode-textmate": "^9.3.0"
			}
		},
		"@shikijs/types": {
			"version": "1.22.2",
			"resolved": "https://registry.npmjs.org/@shikijs/types/-/types-1.22.2.tgz",
			"integrity": "sha512-NCWDa6LGZqTuzjsGfXOBWfjS/fDIbDdmVDug+7ykVe1IKT4c1gakrvlfFYp5NhAXH/lyqLM8wsAPo5wNy73Feg==",
			"dev": true,
			"requires": {
				"@shikijs/vscode-textmate": "^9.3.0",
				"@types/hast": "^3.0.4"
			}
		},
		"@shikijs/vscode-textmate": {
			"version": "9.3.0",
			"resolved": "https://registry.npmjs.org/@shikijs/vscode-textmate/-/vscode-textmate-9.3.0.tgz",
			"integrity": "sha512-jn7/7ky30idSkd/O5yDBfAnVt+JJpepofP/POZ1iMOxK59cOfqIgg/Dj0eFsjOTMw+4ycJN0uhZH/Eb0bs/EUA==",
			"dev": true
		},
		"@types/hast": {
			"version": "3.0.4",
			"resolved": "https://registry.npmjs.org/@types/hast/-/hast-3.0.4.tgz",
			"integrity": "sha512-WPs+bbQw5aCj+x6laNGWLH3wviHtoCv/P3+otBhbOhJgG8qtpdAMlTCxLtsTWA7LH1Oh/bFCHsBn0TPS5m30EQ==",
			"dev": true,
			"requires": {
				"@types/unist": "*"
			}
		},
		"@types/luxon": {
			"version": "3.4.2",
			"resolved": "https://registry.npmjs.org/@types/luxon/-/luxon-3.4.2.tgz",
			"integrity": "sha512-TifLZlFudklWlMBfhubvgqTXRzLDI5pCbGa4P8a3wPyUQSW+1xQ5eDsreP9DWHX3tjq1ke96uYG/nwundroWcA==",
			"dev": true
		},
		"@types/mdast": {
			"version": "4.0.4",
			"resolved": "https://registry.npmjs.org/@types/mdast/-/mdast-4.0.4.tgz",
			"integrity": "sha512-kGaNbPh1k7AFzgpud/gMdvIm5xuECykRR+JnWKQno9TAXVa6WIVCGTPvYGekIDL4uwCZQSYbUxNBSb1aUo79oA==",
			"dev": true,
			"requires": {
				"@types/unist": "*"
			}
		},
		"@types/node": {
			"version": "22.5.5",
			"resolved": "https://registry.npmjs.org/@types/node/-/node-22.5.5.tgz",
			"integrity": "sha512-Xjs4y5UPO/CLdzpgR6GirZJx36yScjh73+2NlLlkFRSoQN8B0DpfXPdZGnvVmLRLOsqDpOfTNv7D9trgGhmOIA==",
			"dev": true,
			"requires": {
				"undici-types": "~6.19.2"
			}
		},
		"@types/triple-beam": {
			"version": "1.3.5",
			"resolved": "https://registry.npmjs.org/@types/triple-beam/-/triple-beam-1.3.5.tgz",
			"integrity": "sha512-6WaYesThRMCl19iryMYP7/x2OVgCtbIVflDGFpWnb9irXI3UjYE4AzmYuiUKY1AJstGijoY+MgUszMgRxIYTYw=="
		},
		"@types/unist": {
			"version": "3.0.3",
			"resolved": "https://registry.npmjs.org/@types/unist/-/unist-3.0.3.tgz",
			"integrity": "sha512-ko/gIFJRv177XgZsZcBwnqJN5x/Gien8qNOn0D5bQU/zAzVf9Zt3BlcUiLqhV9y4ARk0GbT3tnUiPNgnTXzc/Q==",
			"dev": true
		},
		"@ungap/structured-clone": {
			"version": "1.2.0",
			"resolved": "https://registry.npmjs.org/@ungap/structured-clone/-/structured-clone-1.2.0.tgz",
			"integrity": "sha512-zuVdFrMJiuCDQUMCzQaD6KL28MjnqqN8XnAqiEq9PNm/hCPTSGfrXCOfwj1ow4LFb/tNymJPwsNbVePc1xFqrQ==",
			"dev": true
		},
		"argparse": {
			"version": "2.0.1",
			"resolved": "https://registry.npmjs.org/argparse/-/argparse-2.0.1.tgz",
			"integrity": "sha512-8+9WqebbFzpX9OR+Wa6O29asIogeRMzcGtAINdpMHHyAg10f05aSFVBbcEqGf/PXw1EjAZ+q2/bEBg3DvurK3Q==",
			"dev": true
		},
		"async": {
			"version": "3.2.5",
			"resolved": "https://registry.npmjs.org/async/-/async-3.2.5.tgz",
			"integrity": "sha512-baNZyqaaLhyLVKm/DlvdW051MSgO6b8eVfIezl9E5PqWxFgzLm/wQntEW4zOytVburDEr0JlALEpdOFwvErLsg=="
		},
		"asynckit": {
			"version": "0.4.0",
			"resolved": "https://registry.npmjs.org/asynckit/-/asynckit-0.4.0.tgz",
			"integrity": "sha512-Oei9OH4tRh0YqU3GxhX79dM/mwVgvbZJaSNaRk+bshkj0S5cfHcgYakreBjrHwatXKbz+IoIdYLxrKim2MjW0Q=="
		},
		"axios": {
			"version": "1.5.1",
			"resolved": "https://registry.npmjs.org/axios/-/axios-1.5.1.tgz",
			"integrity": "sha512-Q28iYCWzNHjAm+yEAot5QaAMxhMghWLFVf7rRdwhUI+c2jix2DUXjAHXVi+s1ibs3mjPO/cCgbA++3BjD0vP/A==",
			"requires": {
				"follow-redirects": "^1.15.0",
				"form-data": "^4.0.0",
				"proxy-from-env": "^1.1.0"
			}
		},
		"axios-mock-adapter": {
			"version": "1.22.0",
			"resolved": "https://registry.npmjs.org/axios-mock-adapter/-/axios-mock-adapter-1.22.0.tgz",
			"integrity": "sha512-dmI0KbkyAhntUR05YY96qg2H6gg0XMl2+qTW0xmYg6Up+BFBAJYRLROMXRdDEL06/Wqwa0TJThAYvFtSFdRCZw==",
			"dev": true,
			"requires": {
				"fast-deep-equal": "^3.1.3",
				"is-buffer": "^2.0.5"
			}
		},
		"axios-retry": {
			"version": "4.4.2",
			"resolved": "https://registry.npmjs.org/axios-retry/-/axios-retry-4.4.2.tgz",
			"integrity": "sha512-2fjo9uDNBQjX8+GMEGOFG5TrLMZ3QijjeRYcgBI2MhrsabnvcIAfLxxIhG7+CCD68vPEQY3IM2llV70ZsrqPvA==",
			"requires": {
				"is-retry-allowed": "^2.2.0"
			}
		},
		"balanced-match": {
			"version": "1.0.2",
			"resolved": "https://registry.npmjs.org/balanced-match/-/balanced-match-1.0.2.tgz",
			"integrity": "sha512-3oSeUO0TMV67hN1AmbXsK4yaqU7tjiHlbxRDZOpH0KW9+CeX4bRAaX0Anxt0tx2MrpRpWwQaPwIlISEJhYU5Pw==",
			"dev": true
		},
		"brace-expansion": {
			"version": "2.0.1",
			"resolved": "https://registry.npmjs.org/brace-expansion/-/brace-expansion-2.0.1.tgz",
			"integrity": "sha512-XnAIvQ8eM+kC6aULx6wuQiwVsnzsi9d3WxzV3FpWTGA19F621kwdbsAcFKXgKUHZWsy+mY6iL1sHTxWEFCytDA==",
			"dev": true,
			"requires": {
				"balanced-match": "^1.0.0"
			}
		},
		"ccount": {
			"version": "2.0.1",
			"resolved": "https://registry.npmjs.org/ccount/-/ccount-2.0.1.tgz",
			"integrity": "sha512-eyrF0jiFpY+3drT6383f1qhkbGsLSifNAjA61IUjZjmLCWjItY6LB9ft9YhoDgwfmclB2zhu51Lc7+95b8NRAg==",
			"dev": true
		},
		"character-entities-html4": {
			"version": "2.1.0",
			"resolved": "https://registry.npmjs.org/character-entities-html4/-/character-entities-html4-2.1.0.tgz",
			"integrity": "sha512-1v7fgQRj6hnSwFpq1Eu0ynr/CDEw0rXo2B61qXrLNdHZmPKgb7fqS1a2JwF0rISo9q77jDI8VMEHoApn8qDoZA==",
			"dev": true
		},
		"character-entities-legacy": {
			"version": "3.0.0",
			"resolved": "https://registry.npmjs.org/character-entities-legacy/-/character-entities-legacy-3.0.0.tgz",
			"integrity": "sha512-RpPp0asT/6ufRm//AJVwpViZbGM/MkjQFxJccQRHmISF/22NBtsHqAWmL+/pmkPWoIUJdWyeVleTl1wydHATVQ==",
			"dev": true
		},
		"color": {
			"version": "3.2.1",
			"resolved": "https://registry.npmjs.org/color/-/color-3.2.1.tgz",
			"integrity": "sha512-aBl7dZI9ENN6fUGC7mWpMTPNHmWUSNan9tuWN6ahh5ZLNk9baLJOnSMlrQkHcrfFgz2/RigjUVAjdx36VcemKA==",
			"requires": {
				"color-convert": "^1.9.3",
				"color-string": "^1.6.0"
			}
		},
		"color-convert": {
			"version": "1.9.3",
			"resolved": "https://registry.npmjs.org/color-convert/-/color-convert-1.9.3.tgz",
			"integrity": "sha512-QfAUtd+vFdAtFQcC8CCyYt1fYWxSqAiK2cSD6zDB8N3cpsEBAvRxp9zOGg6G/SHHJYAT88/az/IuDGALsNVbGg==",
			"requires": {
				"color-name": "1.1.3"
			}
		},
		"color-name": {
			"version": "1.1.3",
			"resolved": "https://registry.npmjs.org/color-name/-/color-name-1.1.3.tgz",
			"integrity": "sha512-72fSenhMw2HZMTVHeCA9KCmpEIbzWiQsjN+BHcBbS9vr1mtt+vJjPdksIBNUmKAW8TFUDPJK5SUU3QhE9NEXDw=="
		},
		"color-string": {
			"version": "1.9.1",
			"resolved": "https://registry.npmjs.org/color-string/-/color-string-1.9.1.tgz",
			"integrity": "sha512-shrVawQFojnZv6xM40anx4CkoDP+fZsw/ZerEMsW/pyzsRbElpsL/DBVW7q3ExxwusdNXI3lXpuhEZkzs8p5Eg==",
			"requires": {
				"color-name": "^1.0.0",
				"simple-swizzle": "^0.2.2"
			}
		},
		"colorspace": {
			"version": "1.1.4",
			"resolved": "https://registry.npmjs.org/colorspace/-/colorspace-1.1.4.tgz",
			"integrity": "sha512-BgvKJiuVu1igBUF2kEjRCZXol6wiiGbY5ipL/oVPwm0BL9sIpMIzM8IK7vwuxIIzOXMV3Ey5w+vxhm0rR/TN8w==",
			"requires": {
				"color": "^3.1.3",
				"text-hex": "1.0.x"
			}
		},
		"combined-stream": {
			"version": "1.0.8",
			"resolved": "https://registry.npmjs.org/combined-stream/-/combined-stream-1.0.8.tgz",
			"integrity": "sha512-FQN4MRfuJeHf7cBbBMJFXhKSDq+2kAArBlmRBvcvFE5BB1HZKXtSFASDhdlz9zOYwxh8lDdnvmMOe/+5cdoEdg==",
			"requires": {
				"delayed-stream": "~1.0.0"
			}
		},
		"comma-separated-tokens": {
			"version": "2.0.3",
			"resolved": "https://registry.npmjs.org/comma-separated-tokens/-/comma-separated-tokens-2.0.3.tgz",
			"integrity": "sha512-Fu4hJdvzeylCfQPp9SGWidpzrMs7tTrlu6Vb8XGaRGck8QSNZJJp538Wrb60Lax4fPwR64ViY468OIUTbRlGZg==",
			"dev": true
		},
		"delayed-stream": {
			"version": "1.0.0",
			"resolved": "https://registry.npmjs.org/delayed-stream/-/delayed-stream-1.0.0.tgz",
			"integrity": "sha512-ZySD7Nf91aLB0RxL4KGrKHBXl7Eds1DAmEdcoVawXnLD7SDhpNgtuII2aAkg7a7QS41jxPSZ17p4VdGnMHk3MQ=="
		},
		"dequal": {
			"version": "2.0.3",
			"resolved": "https://registry.npmjs.org/dequal/-/dequal-2.0.3.tgz",
			"integrity": "sha512-0je+qPKHEMohvfRTCEo3CrPG6cAzAYgmzKyxRiYSSDkS6eGJdyVJm7WaYA5ECaAD9wLB2T4EEeymA5aFVcYXCA==",
			"dev": true
		},
		"devlop": {
			"version": "1.1.0",
			"resolved": "https://registry.npmjs.org/devlop/-/devlop-1.1.0.tgz",
			"integrity": "sha512-RWmIqhcFf1lRYBvNmr7qTNuyCt/7/ns2jbpp1+PalgE/rDQcBT0fioSMUpJ93irlUhC5hrg4cYqe6U+0ImW0rA==",
			"dev": true,
			"requires": {
				"dequal": "^2.0.0"
			}
		},
		"enabled": {
			"version": "2.0.0",
			"resolved": "https://registry.npmjs.org/enabled/-/enabled-2.0.0.tgz",
			"integrity": "sha512-AKrN98kuwOzMIdAizXGI86UFBoo26CL21UM763y1h/GMSJ4/OHU9k2YlsmBpyScFo/wbLzWQJBMCW4+IO3/+OQ=="
		},
		"entities": {
			"version": "4.5.0",
			"resolved": "https://registry.npmjs.org/entities/-/entities-4.5.0.tgz",
			"integrity": "sha512-V0hjH4dGPh9Ao5p0MoRY6BVqtwCjhz6vI5LT8AJ55H+4g9/4vbHx1I54fS0XuclLhDHArPQCiMjDxjaL8fPxhw==",
			"dev": true
		},
		"fast-deep-equal": {
			"version": "3.1.3",
			"resolved": "https://registry.npmjs.org/fast-deep-equal/-/fast-deep-equal-3.1.3.tgz",
			"integrity": "sha512-f3qQ9oQy9j2AhBe/H9VC91wLmKBCCU/gDOnKNAYG5hswO7BLKj09Hc5HYNz9cGI++xlpDCIgDaitVs03ATR84Q==",
			"dev": true
		},
		"fastest-levenshtein": {
			"version": "1.0.16",
			"resolved": "https://registry.npmjs.org/fastest-levenshtein/-/fastest-levenshtein-1.0.16.tgz",
			"integrity": "sha512-eRnCtTTtGZFpQCwhJiUOuxPQWRXVKYDn0b2PeHfXL6/Zi53SLAzAHfVhVWK2AryC/WH05kGfxhFIPvTF0SXQzg==",
			"dev": true
		},
		"fecha": {
			"version": "4.2.3",
			"resolved": "https://registry.npmjs.org/fecha/-/fecha-4.2.3.tgz",
			"integrity": "sha512-OP2IUU6HeYKJi3i0z4A19kHMQoLVs4Hc+DPqqxI2h/DPZHTm/vjsfC6P0b4jCMy14XizLBqvndQ+UilD7707Jw=="
		},
		"find-up": {
			"version": "3.0.0",
			"resolved": "https://registry.npmjs.org/find-up/-/find-up-3.0.0.tgz",
			"integrity": "sha512-1yD6RmLI1XBfxugvORwlck6f75tYL+iR0jqwsOrOxMZyGYqUuDhJ0l4AXdO1iX/FTs9cBAMEk1gWSEx1kSbylg==",
			"dev": true,
			"requires": {
				"locate-path": "^3.0.0"
			}
		},
		"fn.name": {
			"version": "1.1.0",
			"resolved": "https://registry.npmjs.org/fn.name/-/fn.name-1.1.0.tgz",
			"integrity": "sha512-GRnmB5gPyJpAhTQdSZTSp9uaPSvl09KoYcMQtsB9rQoOmzs9dH6ffeccH+Z+cv6P68Hu5bC6JjRh4Ah/mHSNRw=="
		},
		"follow-redirects": {
			"version": "1.15.3",
			"resolved": "https://registry.npmjs.org/follow-redirects/-/follow-redirects-1.15.3.tgz",
			"integrity": "sha512-1VzOtuEM8pC9SFU1E+8KfTjZyMztRsgEfwQl44z8A25uy13jSzTj6dyK2Df52iV0vgHCfBwLhDWevLn95w5v6Q=="
		},
		"form-data": {
			"version": "4.0.0",
			"resolved": "https://registry.npmjs.org/form-data/-/form-data-4.0.0.tgz",
			"integrity": "sha512-ETEklSGi5t0QMZuiXoA/Q6vcnxcLQP5vdugSpuAyi6SVGi2clPPp+xgEhuMaHC+zGgn31Kd235W35f7Hykkaww==",
			"requires": {
				"asynckit": "^0.4.0",
				"combined-stream": "^1.0.8",
				"mime-types": "^2.1.12"
			}
		},
		"hast-util-to-html": {
			"version": "9.0.3",
			"resolved": "https://registry.npmjs.org/hast-util-to-html/-/hast-util-to-html-9.0.3.tgz",
			"integrity": "sha512-M17uBDzMJ9RPCqLMO92gNNUDuBSq10a25SDBI08iCCxmorf4Yy6sYHK57n9WAbRAAaU+DuR4W6GN9K4DFZesYg==",
			"dev": true,
			"requires": {
				"@types/hast": "^3.0.0",
				"@types/unist": "^3.0.0",
				"ccount": "^2.0.0",
				"comma-separated-tokens": "^2.0.0",
				"hast-util-whitespace": "^3.0.0",
				"html-void-elements": "^3.0.0",
				"mdast-util-to-hast": "^13.0.0",
				"property-information": "^6.0.0",
				"space-separated-tokens": "^2.0.0",
				"stringify-entities": "^4.0.0",
				"zwitch": "^2.0.4"
			}
		},
		"hast-util-whitespace": {
			"version": "3.0.0",
			"resolved": "https://registry.npmjs.org/hast-util-whitespace/-/hast-util-whitespace-3.0.0.tgz",
			"integrity": "sha512-88JUN06ipLwsnv+dVn+OIYOvAuvBMy/Qoi6O7mQHxdPXpjy+Cd6xRkWwux7DKO+4sYILtLBRIKgsdpS2gQc7qw==",
			"dev": true,
			"requires": {
				"@types/hast": "^3.0.0"
			}
		},
		"html-void-elements": {
			"version": "3.0.0",
			"resolved": "https://registry.npmjs.org/html-void-elements/-/html-void-elements-3.0.0.tgz",
			"integrity": "sha512-bEqo66MRXsUGxWHV5IP0PUiAWwoEjba4VCzg0LjFJBpchPaTfyfCKTG6bc5F8ucKec3q5y6qOdGyYTSBEvhCrg==",
			"dev": true
		},
		"inherits": {
			"version": "2.0.4",
			"resolved": "https://registry.npmjs.org/inherits/-/inherits-2.0.4.tgz",
			"integrity": "sha512-k/vGaX4/Yla3WzyMCvTQOXYeIHvqOKtnqBduzTHpzpQZzAskKMhZ2K+EnBiSM9zGSoIFeMpXKxa4dYeZIQqewQ=="
		},
		"is-arrayish": {
			"version": "0.3.2",
			"resolved": "https://registry.npmjs.org/is-arrayish/-/is-arrayish-0.3.2.tgz",
			"integrity": "sha512-eVRqCvVlZbuw3GrM63ovNSNAeA1K16kaR/LRY/92w0zxQ5/1YzwblUX652i4Xs9RwAGjW9d9y6X88t8OaAJfWQ=="
		},
		"is-buffer": {
			"version": "2.0.5",
			"resolved": "https://registry.npmjs.org/is-buffer/-/is-buffer-2.0.5.tgz",
			"integrity": "sha512-i2R6zNFDwgEHJyQUtJEk0XFi1i0dPFn/oqjK3/vPCcDeJvW5NQ83V8QbicfF1SupOaB0h8ntgBC2YiE7dfyctQ==",
			"dev": true
		},
		"is-retry-allowed": {
			"version": "2.2.0",
			"resolved": "https://registry.npmjs.org/is-retry-allowed/-/is-retry-allowed-2.2.0.tgz",
			"integrity": "sha512-XVm7LOeLpTW4jV19QSH38vkswxoLud8sQ57YwJVTPWdiaI9I8keEhGFpBlslyVsgdQy4Opg8QOLb8YRgsyZiQg=="
		},
		"is-stream": {
			"version": "2.0.1",
			"resolved": "https://registry.npmjs.org/is-stream/-/is-stream-2.0.1.tgz",
			"integrity": "sha512-hFoiJiTl63nn+kstHGBtewWSKnQLpyb155KHheA1l39uvtO9nWIop1p3udqPcUd/xbF1VLMO4n7OI6p7RbngDg=="
		},
		"kuler": {
			"version": "2.0.0",
			"resolved": "https://registry.npmjs.org/kuler/-/kuler-2.0.0.tgz",
			"integrity": "sha512-Xq9nH7KlWZmXAtodXDDRE7vs6DU1gTU8zYDHDiWLSip45Egwq3plLHzPn27NgvzL2r1LMPC1vdqh98sQxtqj4A=="
		},
		"linkify-it": {
			"version": "5.0.0",
			"resolved": "https://registry.npmjs.org/linkify-it/-/linkify-it-5.0.0.tgz",
			"integrity": "sha512-5aHCbzQRADcdP+ATqnDuhhJ/MRIqDkZX5pyjFHRRysS8vZ5AbqGEoFIb6pYHPZ+L/OC2Lc+xT8uHVVR5CAK/wQ==",
			"dev": true,
			"requires": {
				"uc.micro": "^2.0.0"
			}
		},
		"locate-path": {
			"version": "3.0.0",
			"resolved": "https://registry.npmjs.org/locate-path/-/locate-path-3.0.0.tgz",
			"integrity": "sha512-7AO748wWnIhNqAuaty2ZWHkQHRSNfPVIsPIfwEOWO22AmaoVrWavlOcMR5nzTLNYvp36X220/maaRsrec1G65A==",
			"dev": true,
			"requires": {
				"p-locate": "^3.0.0",
				"path-exists": "^3.0.0"
			}
		},
		"lodash": {
			"version": "4.17.21",
			"resolved": "https://registry.npmjs.org/lodash/-/lodash-4.17.21.tgz",
			"integrity": "sha512-v2kDEe57lecTulaDIuNTPy3Ry4gLGJ6Z1O3vE1krgXZNrsQ+LFTGHVxVjcXPs17LhbZVGedAJv8XZ1tvj5FvSg==",
			"dev": true
		},
		"logform": {
			"version": "2.6.1",
			"resolved": "https://registry.npmjs.org/logform/-/logform-2.6.1.tgz",
			"integrity": "sha512-CdaO738xRapbKIMVn2m4F6KTj4j7ooJ8POVnebSgKo3KBz5axNXRAL7ZdRjIV6NOr2Uf4vjtRkxrFETOioCqSA==",
			"requires": {
				"@colors/colors": "1.6.0",
				"@types/triple-beam": "^1.3.2",
				"fecha": "^4.2.0",
				"ms": "^2.1.1",
				"safe-stable-stringify": "^2.3.1",
				"triple-beam": "^1.3.0"
			}
		},
		"lru-cache": {
			"version": "6.0.0",
			"resolved": "https://registry.npmjs.org/lru-cache/-/lru-cache-6.0.0.tgz",
			"integrity": "sha512-Jo6dJ04CmSjuznwJSS3pUeWmd/H0ffTlkXXgwZi+eq1UCmqQwCh+eLsYOYCwY991i2Fah4h1BEMCx4qThGbsiA==",
			"dev": true,
			"requires": {
				"yallist": "^4.0.0"
			}
		},
		"lunr": {
			"version": "2.3.9",
			"resolved": "https://registry.npmjs.org/lunr/-/lunr-2.3.9.tgz",
			"integrity": "sha512-zTU3DaZaF3Rt9rhN3uBMGQD3dD2/vFQqnvZCDv4dl5iOzq2IZQqTxu90r4E5J+nP70J3ilqVCrbho2eWaeW8Ow==",
			"dev": true
		},
		"luxon": {
			"version": "3.5.0",
			"resolved": "https://registry.npmjs.org/luxon/-/luxon-3.5.0.tgz",
			"integrity": "sha512-rh+Zjr6DNfUYR3bPwJEnuwDdqMbxZW7LOQfUN4B54+Cl+0o5zaU9RJ6bcidfDtC1cWCZXQ+nvX8bf6bAji37QQ=="
		},
		"markdown-it": {
			"version": "14.1.0",
			"resolved": "https://registry.npmjs.org/markdown-it/-/markdown-it-14.1.0.tgz",
			"integrity": "sha512-a54IwgWPaeBCAAsv13YgmALOF1elABB08FxO9i+r4VFk5Vl4pKokRPeX8u5TCgSsPi6ec1otfLjdOpVcgbpshg==",
			"dev": true,
			"requires": {
				"argparse": "^2.0.1",
				"entities": "^4.4.0",
				"linkify-it": "^5.0.0",
				"mdurl": "^2.0.0",
				"punycode.js": "^2.3.1",
				"uc.micro": "^2.1.0"
			}
		},
		"mdast-util-to-hast": {
			"version": "13.2.0",
			"resolved": "https://registry.npmjs.org/mdast-util-to-hast/-/mdast-util-to-hast-13.2.0.tgz",
			"integrity": "sha512-QGYKEuUsYT9ykKBCMOEDLsU5JRObWQusAolFMeko/tYPufNkRffBAQjIE+99jbA87xv6FgmjLtwjh9wBWajwAA==",
			"dev": true,
			"requires": {
				"@types/hast": "^3.0.0",
				"@types/mdast": "^4.0.0",
				"@ungap/structured-clone": "^1.0.0",
				"devlop": "^1.0.0",
				"micromark-util-sanitize-uri": "^2.0.0",
				"trim-lines": "^3.0.0",
				"unist-util-position": "^5.0.0",
				"unist-util-visit": "^5.0.0",
				"vfile": "^6.0.0"
			}
		},
		"mdurl": {
			"version": "2.0.0",
			"resolved": "https://registry.npmjs.org/mdurl/-/mdurl-2.0.0.tgz",
			"integrity": "sha512-Lf+9+2r+Tdp5wXDXC4PcIBjTDtq4UKjCPMQhKIuzpJNW0b96kVqSwW0bT7FhRSfmAiFYgP+SCRvdrDozfh0U5w==",
			"dev": true
		},
		"micromark-util-character": {
			"version": "2.1.0",
			"resolved": "https://registry.npmjs.org/micromark-util-character/-/micromark-util-character-2.1.0.tgz",
			"integrity": "sha512-KvOVV+X1yLBfs9dCBSopq/+G1PcgT3lAK07mC4BzXi5E7ahzMAF8oIupDDJ6mievI6F+lAATkbQQlQixJfT3aQ==",
			"dev": true,
			"requires": {
				"micromark-util-symbol": "^2.0.0",
				"micromark-util-types": "^2.0.0"
			}
		},
		"micromark-util-encode": {
			"version": "2.0.0",
			"resolved": "https://registry.npmjs.org/micromark-util-encode/-/micromark-util-encode-2.0.0.tgz",
			"integrity": "sha512-pS+ROfCXAGLWCOc8egcBvT0kf27GoWMqtdarNfDcjb6YLuV5cM3ioG45Ys2qOVqeqSbjaKg72vU+Wby3eddPsA==",
			"dev": true
		},
		"micromark-util-sanitize-uri": {
			"version": "2.0.0",
			"resolved": "https://registry.npmjs.org/micromark-util-sanitize-uri/-/micromark-util-sanitize-uri-2.0.0.tgz",
			"integrity": "sha512-WhYv5UEcZrbAtlsnPuChHUAsu/iBPOVaEVsntLBIdpibO0ddy8OzavZz3iL2xVvBZOpolujSliP65Kq0/7KIYw==",
			"dev": true,
			"requires": {
				"micromark-util-character": "^2.0.0",
				"micromark-util-encode": "^2.0.0",
				"micromark-util-symbol": "^2.0.0"
			}
		},
		"micromark-util-symbol": {
			"version": "2.0.0",
			"resolved": "https://registry.npmjs.org/micromark-util-symbol/-/micromark-util-symbol-2.0.0.tgz",
			"integrity": "sha512-8JZt9ElZ5kyTnO94muPxIGS8oyElRJaiJO8EzV6ZSyGQ1Is8xwl4Q45qU5UOg+bGH4AikWziz0iN4sFLWs8PGw==",
			"dev": true
		},
		"micromark-util-types": {
			"version": "2.0.0",
			"resolved": "https://registry.npmjs.org/micromark-util-types/-/micromark-util-types-2.0.0.tgz",
			"integrity": "sha512-oNh6S2WMHWRZrmutsRmDDfkzKtxF+bc2VxLC9dvtrDIRFln627VsFP6fLMgTryGDljgLPjkrzQSDcPrjPyDJ5w==",
			"dev": true
		},
		"mime-db": {
			"version": "1.52.0",
			"resolved": "https://registry.npmjs.org/mime-db/-/mime-db-1.52.0.tgz",
			"integrity": "sha512-sPU4uV7dYlvtWJxwwxHD0PuihVNiE7TyAbQ5SWxDCB9mUYvOgroQOwYQQOKPJ8CIbE+1ETVlOoK1UC2nU3gYvg=="
		},
		"mime-types": {
			"version": "2.1.35",
			"resolved": "https://registry.npmjs.org/mime-types/-/mime-types-2.1.35.tgz",
			"integrity": "sha512-ZDY+bPm5zTTF+YpCrAU9nK0UgICYPT0QtT1NZWFv4s++TNkcgVaT0g6+4R2uI4MjQjzysHB1zxuWL50hzaeXiw==",
			"requires": {
				"mime-db": "1.52.0"
			}
		},
		"minimatch": {
			"version": "9.0.5",
			"resolved": "https://registry.npmjs.org/minimatch/-/minimatch-9.0.5.tgz",
			"integrity": "sha512-G6T0ZX48xgozx7587koeX9Ys2NYy6Gmv//P89sEte9V9whIapMNF4idKxnW2QtCcLiTWlb/wfCabAtAFWhhBow==",
			"dev": true,
			"requires": {
				"brace-expansion": "^2.0.1"
			}
		},
		"ms": {
			"version": "2.1.3",
			"resolved": "https://registry.npmjs.org/ms/-/ms-2.1.3.tgz",
			"integrity": "sha512-6FlzubTLZG3J2a/NVCAleEhjzq5oxgHyaCU9yYXvcLsvoVaHJq/s5xXI6/XXP6tz7R9xAOtHnSO/tXtF3WRTlA=="
		},
		"one-time": {
			"version": "1.0.0",
			"resolved": "https://registry.npmjs.org/one-time/-/one-time-1.0.0.tgz",
			"integrity": "sha512-5DXOiRKwuSEcQ/l0kGCF6Q3jcADFv5tSmRaJck/OqkVFcOzutB134KRSfF0xDrL39MNnqxbHBbUUcjZIhTgb2g==",
			"requires": {
				"fn.name": "1.x.x"
			}
		},
		"oniguruma-to-js": {
			"version": "0.4.3",
			"resolved": "https://registry.npmjs.org/oniguruma-to-js/-/oniguruma-to-js-0.4.3.tgz",
			"integrity": "sha512-X0jWUcAlxORhOqqBREgPMgnshB7ZGYszBNspP+tS9hPD3l13CdaXcHbgImoHUHlrvGx/7AvFEkTRhAGYh+jzjQ==",
			"dev": true,
			"requires": {
				"regex": "^4.3.2"
			}
		},
		"p-limit": {
			"version": "2.3.0",
			"resolved": "https://registry.npmjs.org/p-limit/-/p-limit-2.3.0.tgz",
			"integrity": "sha512-//88mFWSJx8lxCzwdAABTJL2MyWB12+eIY7MDL2SqLmAkeKU9qxRvWuSyTjm3FUmpBEMuFfckAIqEaVGUDxb6w==",
			"dev": true,
			"requires": {
				"p-try": "^2.0.0"
			}
		},
		"p-locate": {
			"version": "3.0.0",
			"resolved": "https://registry.npmjs.org/p-locate/-/p-locate-3.0.0.tgz",
			"integrity": "sha512-x+12w/To+4GFfgJhBEpiDcLozRJGegY+Ei7/z0tSLkMmxGZNybVMSfWj9aJn8Z5Fc7dBUNJOOVgPv2H7IwulSQ==",
			"dev": true,
			"requires": {
				"p-limit": "^2.0.0"
			}
		},
		"p-try": {
			"version": "2.2.0",
			"resolved": "https://registry.npmjs.org/p-try/-/p-try-2.2.0.tgz",
			"integrity": "sha512-R4nPAVTAU0B9D35/Gk3uJf/7XYbQcyohSKdvAxIRSNghFl4e71hVoGnBNQz9cWaXxO2I10KTC+3jMdvvoKw6dQ==",
			"dev": true
		},
		"path-exists": {
			"version": "3.0.0",
			"resolved": "https://registry.npmjs.org/path-exists/-/path-exists-3.0.0.tgz",
			"integrity": "sha512-bpC7GYwiDYQ4wYLe+FA8lhRjhQCMcQGuSgGGqDkg/QerRWw9CmGRT0iSOVRSZJ29NMLZgIzqaljJ63oaL4NIJQ==",
			"dev": true
		},
		"pkg-up": {
			"version": "3.1.0",
			"resolved": "https://registry.npmjs.org/pkg-up/-/pkg-up-3.1.0.tgz",
			"integrity": "sha512-nDywThFk1i4BQK4twPQ6TA4RT8bDY96yeuCVBWL3ePARCiEKDRSrNGbFIgUJpLp+XeIR65v8ra7WuJOFUBtkMA==",
			"dev": true,
			"requires": {
				"find-up": "^3.0.0"
			}
		},
		"property-information": {
			"version": "6.5.0",
			"resolved": "https://registry.npmjs.org/property-information/-/property-information-6.5.0.tgz",
			"integrity": "sha512-PgTgs/BlvHxOu8QuEN7wi5A0OmXaBcHpmCSTehcs6Uuu9IkDIEo13Hy7n898RHfrQ49vKCoGeWZSaAK01nwVig==",
			"dev": true
		},
		"proxy-from-env": {
			"version": "1.1.0",
			"resolved": "https://registry.npmjs.org/proxy-from-env/-/proxy-from-env-1.1.0.tgz",
			"integrity": "sha512-D+zkORCbA9f1tdWRK0RaCR3GPv50cMxcrz4X8k5LTSUD1Dkw47mKJEZQNunItRTkWwgtaUSo1RVFRIG9ZXiFYg=="
		},
		"punycode.js": {
			"version": "2.3.1",
			"resolved": "https://registry.npmjs.org/punycode.js/-/punycode.js-2.3.1.tgz",
			"integrity": "sha512-uxFIHU0YlHYhDQtV4R9J6a52SLx28BCjT+4ieh7IGbgwVJWO+km431c4yRlREUAsAmt/uMjQUyQHNEPf0M39CA==",
			"dev": true
		},
		"readable-stream": {
			"version": "3.6.2",
			"resolved": "https://registry.npmjs.org/readable-stream/-/readable-stream-3.6.2.tgz",
			"integrity": "sha512-9u/sniCrY3D5WdsERHzHE4G2YCXqoG5FTHUiCC4SIbr6XcLZBY05ya9EKjYek9O5xOAwjGq+1JdGBAS7Q9ScoA==",
			"requires": {
				"inherits": "^2.0.3",
				"string_decoder": "^1.1.1",
				"util-deprecate": "^1.0.1"
			}
		},
		"regex": {
			"version": "4.4.0",
			"resolved": "https://registry.npmjs.org/regex/-/regex-4.4.0.tgz",
			"integrity": "sha512-uCUSuobNVeqUupowbdZub6ggI5/JZkYyJdDogddJr60L764oxC2pMZov1fQ3wM9bdyzUILDG+Sqx6NAKAz9rKQ==",
			"dev": true
		},
		"safe-buffer": {
			"version": "5.2.1",
			"resolved": "https://registry.npmjs.org/safe-buffer/-/safe-buffer-5.2.1.tgz",
			"integrity": "sha512-rp3So07KcdmmKbGvgaNxQSJr7bGVSVk5S9Eq1F+ppbRo70+YeaDxkw5Dd8NPN+GD6bjnYm2VuPuCXmpuYvmCXQ=="
		},
		"safe-stable-stringify": {
			"version": "2.4.3",
			"resolved": "https://registry.npmjs.org/safe-stable-stringify/-/safe-stable-stringify-2.4.3.tgz",
			"integrity": "sha512-e2bDA2WJT0wxseVd4lsDP4+3ONX6HpMXQa1ZhFQ7SU+GjvORCmShbCMltrtIDfkYhVHrOcPtj+KhmDBdPdZD1g=="
		},
		"semver": {
			"version": "7.3.8",
			"resolved": "https://registry.npmjs.org/semver/-/semver-7.3.8.tgz",
			"integrity": "sha512-NB1ctGL5rlHrPJtFDVIVzTyQylMLu9N9VICA6HSFJo8MCGVTMW6gfpicwKmmK/dAjTOrqu5l63JJOpDSrAis3A==",
			"dev": true,
			"requires": {
				"lru-cache": "^6.0.0"
			}
		},
		"shiki": {
			"version": "1.22.2",
			"resolved": "https://registry.npmjs.org/shiki/-/shiki-1.22.2.tgz",
			"integrity": "sha512-3IZau0NdGKXhH2bBlUk4w1IHNxPh6A5B2sUpyY+8utLu2j/h1QpFkAaUA1bAMxOWWGtTWcAh531vnS4NJKS/lA==",
			"dev": true,
			"requires": {
				"@shikijs/core": "1.22.2",
				"@shikijs/engine-javascript": "1.22.2",
				"@shikijs/engine-oniguruma": "1.22.2",
				"@shikijs/types": "1.22.2",
				"@shikijs/vscode-textmate": "^9.3.0",
				"@types/hast": "^3.0.4"
			}
		},
		"simple-swizzle": {
			"version": "0.2.2",
			"resolved": "https://registry.npmjs.org/simple-swizzle/-/simple-swizzle-0.2.2.tgz",
			"integrity": "sha512-JA//kQgZtbuY83m+xT+tXJkmJncGMTFT+C+g2h2R9uxkYIrE2yy9sgmcLhCnw57/WSD+Eh3J97FPEDFnbXnDUg==",
			"requires": {
				"is-arrayish": "^0.3.1"
			}
		},
		"space-separated-tokens": {
			"version": "2.0.2",
			"resolved": "https://registry.npmjs.org/space-separated-tokens/-/space-separated-tokens-2.0.2.tgz",
			"integrity": "sha512-PEGlAwrG8yXGXRjW32fGbg66JAlOAwbObuqVoJpv/mRgoWDQfgH1wDPvtzWyUSNAXBGSk8h755YDbbcEy3SH2Q==",
			"dev": true
		},
		"stack-trace": {
			"version": "0.0.10",
			"resolved": "https://registry.npmjs.org/stack-trace/-/stack-trace-0.0.10.tgz",
			"integrity": "sha512-KGzahc7puUKkzyMt+IqAep+TVNbKP+k2Lmwhub39m1AsTSkaDutx56aDCo+HLDzf/D26BIHTJWNiTG1KAJiQCg=="
		},
		"string_decoder": {
			"version": "1.3.0",
			"resolved": "https://registry.npmjs.org/string_decoder/-/string_decoder-1.3.0.tgz",
			"integrity": "sha512-hkRX8U1WjJFd8LsDJ2yQ/wWWxaopEsABU1XfkM8A+j0+85JAGppt16cr1Whg6KIbb4okU6Mql6BOj+uup/wKeA==",
			"requires": {
				"safe-buffer": "~5.2.0"
			}
		},
		"stringify-entities": {
			"version": "4.0.4",
			"resolved": "https://registry.npmjs.org/stringify-entities/-/stringify-entities-4.0.4.tgz",
			"integrity": "sha512-IwfBptatlO+QCJUo19AqvrPNqlVMpW9YEL2LIVY+Rpv2qsjCGxaDLNRgeGsQWJhfItebuJhsGSLjaBbNSQ+ieg==",
			"dev": true,
			"requires": {
				"character-entities-html4": "^2.0.0",
				"character-entities-legacy": "^3.0.0"
			}
		},
		"text-hex": {
			"version": "1.0.0",
			"resolved": "https://registry.npmjs.org/text-hex/-/text-hex-1.0.0.tgz",
			"integrity": "sha512-uuVGNWzgJ4yhRaNSiubPY7OjISw4sw4E5Uv0wbjp+OzcbmVU/rsT8ujgcXJhn9ypzsgr5vlzpPqP+MBBKcGvbg=="
		},
		"trim-lines": {
			"version": "3.0.1",
			"resolved": "https://registry.npmjs.org/trim-lines/-/trim-lines-3.0.1.tgz",
			"integrity": "sha512-kRj8B+YHZCc9kQYdWfJB2/oUl9rA99qbowYYBtr4ui4mZyAQ2JpvVBd/6U2YloATfqBhBTSMhTpgBHtU0Mf3Rg==",
			"dev": true
		},
		"triple-beam": {
			"version": "1.4.1",
			"resolved": "https://registry.npmjs.org/triple-beam/-/triple-beam-1.4.1.tgz",
			"integrity": "sha512-aZbgViZrg1QNcG+LULa7nhZpJTZSLm/mXnHXnbAbjmN5aSa0y7V+wvv6+4WaBtpISJzThKy+PIPxc1Nq1EJ9mg=="
		},
		"typedoc": {
			"version": "0.26.11",
			"resolved": "https://registry.npmjs.org/typedoc/-/typedoc-0.26.11.tgz",
			"integrity": "sha512-sFEgRRtrcDl2FxVP58Ze++ZK2UQAEvtvvH8rRlig1Ja3o7dDaMHmaBfvJmdGnNEFaLTpQsN8dpvZaTqJSu/Ugw==",
			"dev": true,
			"requires": {
				"lunr": "^2.3.9",
				"markdown-it": "^14.1.0",
				"minimatch": "^9.0.5",
				"shiki": "^1.16.2",
				"yaml": "^2.5.1"
			}
		},
		"typescript": {
			"version": "5.0.4",
			"resolved": "https://registry.npmjs.org/typescript/-/typescript-5.0.4.tgz",
			"integrity": "sha512-cW9T5W9xY37cc+jfEnaUvX91foxtHkza3Nw3wkoF4sSlKn0MONdkdEndig/qPBWXNkmplh3NzayQzCiHM4/hqw=="
		},
		"uc.micro": {
			"version": "2.1.0",
			"resolved": "https://registry.npmjs.org/uc.micro/-/uc.micro-2.1.0.tgz",
			"integrity": "sha512-ARDJmphmdvUk6Glw7y9DQ2bFkKBHwQHLi2lsaH6PPmz/Ka9sFOBsBluozhDltWmnv9u/cF6Rt87znRTPV+yp/A==",
			"dev": true
		},
		"undici-types": {
			"version": "6.19.8",
			"resolved": "https://registry.npmjs.org/undici-types/-/undici-types-6.19.8.tgz",
			"integrity": "sha512-ve2KP6f/JnbPBFyobGHuerC9g1FYGn/F8n1LWTwNxCEzd6IfqTwUQcNXgEtmmQ6DlRrC1hrSrBnCZPokRrDHjw==",
			"dev": true
		},
		"unist-util-is": {
			"version": "6.0.0",
			"resolved": "https://registry.npmjs.org/unist-util-is/-/unist-util-is-6.0.0.tgz",
			"integrity": "sha512-2qCTHimwdxLfz+YzdGfkqNlH0tLi9xjTnHddPmJwtIG9MGsdbutfTc4P+haPD7l7Cjxf/WZj+we5qfVPvvxfYw==",
			"dev": true,
			"requires": {
				"@types/unist": "^3.0.0"
			}
		},
		"unist-util-position": {
			"version": "5.0.0",
			"resolved": "https://registry.npmjs.org/unist-util-position/-/unist-util-position-5.0.0.tgz",
			"integrity": "sha512-fucsC7HjXvkB5R3kTCO7kUjRdrS0BJt3M/FPxmHMBOm8JQi2BsHAHFsy27E0EolP8rp0NzXsJ+jNPyDWvOJZPA==",
			"dev": true,
			"requires": {
				"@types/unist": "^3.0.0"
			}
		},
		"unist-util-stringify-position": {
			"version": "4.0.0",
			"resolved": "https://registry.npmjs.org/unist-util-stringify-position/-/unist-util-stringify-position-4.0.0.tgz",
			"integrity": "sha512-0ASV06AAoKCDkS2+xw5RXJywruurpbC4JZSm7nr7MOt1ojAzvyyaO+UxZf18j8FCF6kmzCZKcAgN/yu2gm2XgQ==",
			"dev": true,
			"requires": {
				"@types/unist": "^3.0.0"
			}
		},
		"unist-util-visit": {
			"version": "5.0.0",
			"resolved": "https://registry.npmjs.org/unist-util-visit/-/unist-util-visit-5.0.0.tgz",
			"integrity": "sha512-MR04uvD+07cwl/yhVuVWAtw+3GOR/knlL55Nd/wAdblk27GCVt3lqpTivy/tkJcZoNPzTwS1Y+KMojlLDhoTzg==",
			"dev": true,
			"requires": {
				"@types/unist": "^3.0.0",
				"unist-util-is": "^6.0.0",
				"unist-util-visit-parents": "^6.0.0"
			}
		},
		"unist-util-visit-parents": {
			"version": "6.0.1",
			"resolved": "https://registry.npmjs.org/unist-util-visit-parents/-/unist-util-visit-parents-6.0.1.tgz",
			"integrity": "sha512-L/PqWzfTP9lzzEa6CKs0k2nARxTdZduw3zyh8d2NVBnsyvHjSX4TWse388YrrQKbvI8w20fGjGlhgT96WwKykw==",
			"dev": true,
			"requires": {
				"@types/unist": "^3.0.0",
				"unist-util-is": "^6.0.0"
			}
		},
		"util-deprecate": {
			"version": "1.0.2",
			"resolved": "https://registry.npmjs.org/util-deprecate/-/util-deprecate-1.0.2.tgz",
			"integrity": "sha512-EPD5q1uXyFxJpCrLnCc1nHnq3gOa6DZBocAIiI2TaSCA7VCJ1UJDMagCzIkXNsUYfD1daK//LTEQ8xiIbrHtcw=="
		},
		"vfile": {
			"version": "6.0.3",
			"resolved": "https://registry.npmjs.org/vfile/-/vfile-6.0.3.tgz",
			"integrity": "sha512-KzIbH/9tXat2u30jf+smMwFCsno4wHVdNmzFyL+T/L3UGqqk6JKfVqOFOZEpZSHADH1k40ab6NUIXZq422ov3Q==",
			"dev": true,
			"requires": {
				"@types/unist": "^3.0.0",
				"vfile-message": "^4.0.0"
			}
		},
		"vfile-message": {
			"version": "4.0.2",
			"resolved": "https://registry.npmjs.org/vfile-message/-/vfile-message-4.0.2.tgz",
			"integrity": "sha512-jRDZ1IMLttGj41KcZvlrYAaI3CfqpLpfpf+Mfig13viT6NKvRzWZ+lXz0Y5D60w6uJIBAOGq9mSHf0gktF0duw==",
			"dev": true,
			"requires": {
				"@types/unist": "^3.0.0",
				"unist-util-stringify-position": "^4.0.0"
			}
		},
		"winston": {
			"version": "3.14.2",
			"resolved": "https://registry.npmjs.org/winston/-/winston-3.14.2.tgz",
			"integrity": "sha512-CO8cdpBB2yqzEf8v895L+GNKYJiEq8eKlHU38af3snQBQ+sdAIUepjMSguOIJC7ICbzm0ZI+Af2If4vIJrtmOg==",
			"requires": {
				"@colors/colors": "^1.6.0",
				"@dabh/diagnostics": "^2.0.2",
				"async": "^3.2.3",
				"is-stream": "^2.0.0",
				"logform": "^2.6.0",
				"one-time": "^1.0.0",
				"readable-stream": "^3.4.0",
				"safe-stable-stringify": "^2.3.1",
				"stack-trace": "0.0.x",
				"triple-beam": "^1.3.0",
				"winston-transport": "^4.7.0"
			}
		},
		"winston-transport": {
			"version": "4.7.1",
			"resolved": "https://registry.npmjs.org/winston-transport/-/winston-transport-4.7.1.tgz",
			"integrity": "sha512-wQCXXVgfv/wUPOfb2x0ruxzwkcZfxcktz6JIMUaPLmcNhO4bZTwA/WtDWK74xV3F2dKu8YadrFv0qhwYjVEwhA==",
			"requires": {
				"logform": "^2.6.1",
				"readable-stream": "^3.6.2",
				"triple-beam": "^1.3.0"
			}
		},
		"yallist": {
			"version": "4.0.0",
			"resolved": "https://registry.npmjs.org/yallist/-/yallist-4.0.0.tgz",
			"integrity": "sha512-3wdGidZyq5PB084XLES5TpOSRA3wjXAlIWMhum2kRcv/41Sn2emQ0dycQW4uZXLejwKvg6EsvbdlVL+FYEct7A==",
			"dev": true
		},
		"yaml": {
			"version": "2.6.0",
			"resolved": "https://registry.npmjs.org/yaml/-/yaml-2.6.0.tgz",
			"integrity": "sha512-a6ae//JvKDEra2kdi1qzCyrJW/WZCgFi8ydDV+eXExl95t+5R+ijnqHJbz9tmMh8FUjx3iv2fCQ4dclAQlO2UQ==",
			"dev": true
		},
		"zwitch": {
			"version": "2.0.4",
			"resolved": "https://registry.npmjs.org/zwitch/-/zwitch-2.0.4.tgz",
			"integrity": "sha512-bXE4cR/kVZhKZX/RjPEflHaKVhUVl85noU3v6b8apfQEc1x4A+zBxjZ4lN8LqGd6WZ3dl98pY4o717VFmoPp+A==",
			"dev": true
		}
	}
}
